
Microsoft Visual Studio Solution File, Format Version 12.00
# Visual Studio Version 16
VisualStudioVersion = 16.0.30011.22
MinimumVisualStudioVersion = 10.0.40219.1
Project("{FAE04EC0-301F-11D3-BF4B-00C04F79EFBC}") = "FacialDetection", "FacialDetection\FacialDetection.csproj", "{F3EC47BC-6481-4E79-9066-8DB658D3D110}"
EndProject
Global
	GlobalSection(SolutionConfigurationPlatforms) = preSolution
		Debug|Any CPU = Debug|Any CPU
		Release|Any CPU = Release|Any CPU
	EndGlobalSection
	GlobalSection(ProjectConfigurationPlatforms) = postSolution
		{F3EC47BC-6481-4E79-9066-8DB658D3D110}.Debug|Any CPU.ActiveCfg = Debug|Any CPU
		{F3EC47BC-6481-4E79-9066-8DB658D3D110}.Debug|Any CPU.Build.0 = Debug|Any CPU
		{F3EC47BC-6481-4E79-9066-8DB658D3D110}.Release|Any CPU.ActiveCfg = Release|Any CPU
		{F3EC47BC-6481-4E79-9066-8DB658D3D110}.Release|Any CPU.Build.0 = Release|Any CPU
	EndGlobalSection
	GlobalSection(SolutionProperties) = preSolution
		HideSolutionNode = FALSE
	EndGlobalSection
	GlobalSection(ExtensibilityGlobals) = postSolution
		SolutionGuid = {A6D7C58B-0C3E-4A53-B1C3-42EA86E7534D}
	EndGlobalSection
EndGlobal
